
Microsoft Visual Studio Solution File, Format Version 11.00
# Visual Studio 2010
Project("{FAE04EC0-301F-11D3-BF4B-00C04F79EFBC}") = "KiwiDb", "KiwiDb\KiwiDb.csproj", "{DE9B2945-9E1F-4C4B-8E35-109B5EFABC24}"
EndProject
Project("{FAE04EC0-301F-11D3-BF4B-00C04F79EFBC}") = "KiwiDb.Tests", "KiwiDb.Tests\KiwiDb.Tests.csproj", "{C3B7812B-E844-4A03-A974-A4765AA3C981}"
EndProject
Project("{FAE04EC0-301F-11D3-BF4B-00C04F79EFBC}") = "PerfTest", "PerfTest\PerfTest.csproj", "{503982C1-F7A8-4760-999C-02C40C78586C}"
EndProject
Project("{2150E333-8FDC-42A3-9474-1A3956D46DE8}") = "psake", "psake", "{9A50F5F6-270F-4C25-A1EA-3FD9A8A9F550}"
	ProjectSection(SolutionItems) = preProject
		default.ps1 = default.ps1
		psake_ext.ps1 = psake_ext.ps1
	EndProjectSection
EndProject
Project("{FAE04EC0-301F-11D3-BF4B-00C04F79EFBC}") = "Kiwi.Json", "lib\Kiwi.Json\Kiwi.Json\Kiwi.Json.csproj", "{C32E21F8-0929-45BC-9643-0F1DE746A4CD}"
EndProject
Project("{FAE04EC0-301F-11D3-BF4B-00C04F79EFBC}") = "Kiwi.Json.Tests", "lib\Kiwi.Json\Kiwi.Json.Tests\Kiwi.Json.Tests.csproj", "{7875D9A6-1097-44A9-8C71-69B0BA4A5512}"
EndProject
Global
	GlobalSection(SolutionConfigurationPlatforms) = preSolution
		Debug|Any CPU = Debug|Any CPU
		Release|Any CPU = Release|Any CPU
	EndGlobalSection
	GlobalSection(ProjectConfigurationPlatforms) = postSolution
		{DE9B2945-9E1F-4C4B-8E35-109B5EFABC24}.Debug|Any CPU.ActiveCfg = Debug|Any CPU
		{DE9B2945-9E1F-4C4B-8E35-109B5EFABC24}.Debug|Any CPU.Build.0 = Debug|Any CPU
		{DE9B2945-9E1F-4C4B-8E35-109B5EFABC24}.Release|Any CPU.ActiveCfg = Release|Any CPU
		{DE9B2945-9E1F-4C4B-8E35-109B5EFABC24}.Release|Any CPU.Build.0 = Release|Any CPU
		{C3B7812B-E844-4A03-A974-A4765AA3C981}.Debug|Any CPU.ActiveCfg = Debug|Any CPU
		{C3B7812B-E844-4A03-A974-A4765AA3C981}.Debug|Any CPU.Build.0 = Debug|Any CPU
		{C3B7812B-E844-4A03-A974-A4765AA3C981}.Release|Any CPU.ActiveCfg = Release|Any CPU
		{C3B7812B-E844-4A03-A974-A4765AA3C981}.Release|Any CPU.Build.0 = Release|Any CPU
		{503982C1-F7A8-4760-999C-02C40C78586C}.Debug|Any CPU.ActiveCfg = Debug|Any CPU
		{503982C1-F7A8-4760-999C-02C40C78586C}.Release|Any CPU.ActiveCfg = Release|x86
		{C32E21F8-0929-45BC-9643-0F1DE746A4CD}.Debug|Any CPU.ActiveCfg = Debug|Any CPU
		{C32E21F8-0929-45BC-9643-0F1DE746A4CD}.Debug|Any CPU.Build.0 = Debug|Any CPU
		{C32E21F8-0929-45BC-9643-0F1DE746A4CD}.Release|Any CPU.ActiveCfg = Release|Any CPU
		{C32E21F8-0929-45BC-9643-0F1DE746A4CD}.Release|Any CPU.Build.0 = Release|Any CPU
		{7875D9A6-1097-44A9-8C71-69B0BA4A5512}.Debug|Any CPU.ActiveCfg = Debug|Any CPU
		{7875D9A6-1097-44A9-8C71-69B0BA4A5512}.Debug|Any CPU.Build.0 = Debug|Any CPU
		{7875D9A6-1097-44A9-8C71-69B0BA4A5512}.Release|Any CPU.ActiveCfg = Release|Any CPU
		{7875D9A6-1097-44A9-8C71-69B0BA4A5512}.Release|Any CPU.Build.0 = Release|Any CPU
	EndGlobalSection
	GlobalSection(SolutionProperties) = preSolution
		HideSolutionNode = FALSE
	EndGlobalSection
EndGlobal
